// !$*UTF8*$!
{
	archiveVersion = 1;
	classes = {
	};
	objectVersion = 55;
	objects = {

/* Begin PBXBuildFile section */
		C2141BC32833AEAA00F05D57 /* ItemDetailsView.swift in Sources */ = {isa = PBXBuildFile; fileRef = C2141BC22833AEAA00F05D57 /* ItemDetailsView.swift */; };
		C2141BC42833AEAA00F05D57 /* ItemDetailsView.swift in Sources */ = {isa = PBXBuildFile; fileRef = C2141BC22833AEAA00F05D57 /* ItemDetailsView.swift */; };
		C27E2E072837AB9400B8A04A /* CloudKit.framework in Frameworks */ = {isa = PBXBuildFile; fileRef = C27E2E062837AB9400B8A04A /* CloudKit.framework */; };
		C27E2E092837ABEA00B8A04A /* CloudKit.framework in Frameworks */ = {isa = PBXBuildFile; fileRef = C27E2E082837ABEA00B8A04A /* CloudKit.framework */; };
		C27E2E0C2837AC0E00B8A04A /* CloudKit.framework in Frameworks */ = {isa = PBXBuildFile; fileRef = C27E2E0B2837AC0E00B8A04A /* CloudKit.framework */; };
		C2848C6E2834ED7A003036C0 /* Assets.xcassets in Resources */ = {isa = PBXBuildFile; fileRef = C2848C6D2834ED7A003036C0 /* Assets.xcassets */; };
		C2848C742834ED7A003036C0 /* CashFlow W WatchKit Extension.appex in Embed App Extensions */ = {isa = PBXBuildFile; fileRef = C2848C732834ED7A003036C0 /* CashFlow W WatchKit Extension.appex */; settings = {ATTRIBUTES = (RemoveHeadersOnCopy, ); }; };
		C2848C792834ED7A003036C0 /* CashFlowApp.swift in Sources */ = {isa = PBXBuildFile; fileRef = C2848C782834ED7A003036C0 /* CashFlowApp.swift */; };
		C2848C7D2834ED7A003036C0 /* NotificationController.swift in Sources */ = {isa = PBXBuildFile; fileRef = C2848C7C2834ED7A003036C0 /* NotificationController.swift */; };
		C2848C7F2834ED7A003036C0 /* NotificationView.swift in Sources */ = {isa = PBXBuildFile; fileRef = C2848C7E2834ED7A003036C0 /* NotificationView.swift */; };
		C2848C812834ED7A003036C0 /* ComplicationController.swift in Sources */ = {isa = PBXBuildFile; fileRef = C2848C802834ED7A003036C0 /* ComplicationController.swift */; };
		C2848C832834ED7B003036C0 /* Assets.xcassets in Resources */ = {isa = PBXBuildFile; fileRef = C2848C822834ED7B003036C0 /* Assets.xcassets */; };
		C2848C862834ED7B003036C0 /* Preview Assets.xcassets in Resources */ = {isa = PBXBuildFile; fileRef = C2848C852834ED7B003036C0 /* Preview Assets.xcassets */; };
		C2848C922834ED7B003036C0 /* CashFlow_WTests.swift in Sources */ = {isa = PBXBuildFile; fileRef = C2848C912834ED7B003036C0 /* CashFlow_WTests.swift */; };
		C2848C9C2834ED7B003036C0 /* CashFlow_WUITests.swift in Sources */ = {isa = PBXBuildFile; fileRef = C2848C9B2834ED7B003036C0 /* CashFlow_WUITests.swift */; };
		C2848C9E2834ED7B003036C0 /* CashFlow_WUITestsLaunchTests.swift in Sources */ = {isa = PBXBuildFile; fileRef = C2848C9D2834ED7B003036C0 /* CashFlow_WUITestsLaunchTests.swift */; };
		C2848CA12834ED7B003036C0 /* CashFlow W.app in Embed Watch Content */ = {isa = PBXBuildFile; fileRef = C2848C6B2834ED7A003036C0 /* CashFlow W.app */; settings = {ATTRIBUTES = (RemoveHeadersOnCopy, ); }; };
		C2848CB02834EDB2003036C0 /* Persistence.swift in Sources */ = {isa = PBXBuildFile; fileRef = C2A7DFF728337A7000474E4E /* Persistence.swift */; };
		C2848CB12834EDB2003036C0 /* ContentView.swift in Sources */ = {isa = PBXBuildFile; fileRef = C2A7DFF628337A7000474E4E /* ContentView.swift */; };
		C2848CB22834EDB2003036C0 /* ItemDetailsView.swift in Sources */ = {isa = PBXBuildFile; fileRef = C2141BC22833AEAA00F05D57 /* ItemDetailsView.swift */; };
		C2848CB32834EDB4003036C0 /* CashFlow.xcdatamodeld in Sources */ = {isa = PBXBuildFile; fileRef = C2A7DFF328337A7000474E4E /* CashFlow.xcdatamodeld */; };
		C2A7E00F28337A7100474E4E /* Tests_iOS.swift in Sources */ = {isa = PBXBuildFile; fileRef = C2A7E00E28337A7100474E4E /* Tests_iOS.swift */; };
		C2A7E01128337A7100474E4E /* Tests_iOSLaunchTests.swift in Sources */ = {isa = PBXBuildFile; fileRef = C2A7E01028337A7100474E4E /* Tests_iOSLaunchTests.swift */; };
		C2A7E01B28337A7100474E4E /* Tests_macOS.swift in Sources */ = {isa = PBXBuildFile; fileRef = C2A7E01A28337A7100474E4E /* Tests_macOS.swift */; };
		C2A7E01D28337A7100474E4E /* Tests_macOSLaunchTests.swift in Sources */ = {isa = PBXBuildFile; fileRef = C2A7E01C28337A7100474E4E /* Tests_macOSLaunchTests.swift */; };
		C2A7E01E28337A7100474E4E /* CashFlow.xcdatamodeld in Sources */ = {isa = PBXBuildFile; fileRef = C2A7DFF328337A7000474E4E /* CashFlow.xcdatamodeld */; };
		C2A7E01F28337A7100474E4E /* CashFlow.xcdatamodeld in Sources */ = {isa = PBXBuildFile; fileRef = C2A7DFF328337A7000474E4E /* CashFlow.xcdatamodeld */; };
		C2A7E02028337A7100474E4E /* CashFlowApp.swift in Sources */ = {isa = PBXBuildFile; fileRef = C2A7DFF528337A7000474E4E /* CashFlowApp.swift */; };
		C2A7E02128337A7100474E4E /* CashFlowApp.swift in Sources */ = {isa = PBXBuildFile; fileRef = C2A7DFF528337A7000474E4E /* CashFlowApp.swift */; };
		C2A7E02228337A7100474E4E /* ContentView.swift in Sources */ = {isa = PBXBuildFile; fileRef = C2A7DFF628337A7000474E4E /* ContentView.swift */; };
		C2A7E02328337A7100474E4E /* ContentView.swift in Sources */ = {isa = PBXBuildFile; fileRef = C2A7DFF628337A7000474E4E /* ContentView.swift */; };
		C2A7E02428337A7100474E4E /* Persistence.swift in Sources */ = {isa = PBXBuildFile; fileRef = C2A7DFF728337A7000474E4E /* Persistence.swift */; };
		C2A7E02528337A7100474E4E /* Persistence.swift in Sources */ = {isa = PBXBuildFile; fileRef = C2A7DFF728337A7000474E4E /* Persistence.swift */; };
		C2A7E02628337A7100474E4E /* Assets.xcassets in Resources */ = {isa = PBXBuildFile; fileRef = C2A7DFF828337A7100474E4E /* Assets.xcassets */; };
		C2A7E02728337A7100474E4E /* Assets.xcassets in Resources */ = {isa = PBXBuildFile; fileRef = C2A7DFF828337A7100474E4E /* Assets.xcassets */; };
/* End PBXBuildFile section */

/* Begin PBXContainerItemProxy section */
		C2848C752834ED7A003036C0 /* PBXContainerItemProxy */ = {
			isa = PBXContainerItemProxy;
			containerPortal = C2A7DFEE28337A7000474E4E /* Project object */;
			proxyType = 1;
			remoteGlobalIDString = C2848C722834ED7A003036C0;
			remoteInfo = "CashFlow W WatchKit Extension";
		};
		C2848C8E2834ED7B003036C0 /* PBXContainerItemProxy */ = {
			isa = PBXContainerItemProxy;
			containerPortal = C2A7DFEE28337A7000474E4E /* Project object */;
			proxyType = 1;
			remoteGlobalIDString = C2848C722834ED7A003036C0;
			remoteInfo = "CashFlow W WatchKit Extension";
		};
		C2848C982834ED7B003036C0 /* PBXContainerItemProxy */ = {
			isa = PBXContainerItemProxy;
			containerPortal = C2A7DFEE28337A7000474E4E /* Project object */;
			proxyType = 1;
			remoteGlobalIDString = C2848C6A2834ED7A003036C0;
			remoteInfo = "CashFlow W";
		};
		C2848C9F2834ED7B003036C0 /* PBXContainerItemProxy */ = {
			isa = PBXContainerItemProxy;
			containerPortal = C2A7DFEE28337A7000474E4E /* Project object */;
			proxyType = 1;
			remoteGlobalIDString = C2848C6A2834ED7A003036C0;
			remoteInfo = "CashFlow W";
		};
		C2A7E00B28337A7100474E4E /* PBXContainerItemProxy */ = {
			isa = PBXContainerItemProxy;
			containerPortal = C2A7DFEE28337A7000474E4E /* Project object */;
			proxyType = 1;
			remoteGlobalIDString = C2A7DFFC28337A7100474E4E;
			remoteInfo = "CashFlow (iOS)";
		};
		C2A7E01728337A7100474E4E /* PBXContainerItemProxy */ = {
			isa = PBXContainerItemProxy;
			containerPortal = C2A7DFEE28337A7000474E4E /* Project object */;
			proxyType = 1;
			remoteGlobalIDString = C2A7E00228337A7100474E4E;
			remoteInfo = "CashFlow (macOS)";
		};
/* End PBXContainerItemProxy section */

/* Begin PBXCopyFilesBuildPhase section */
		C2848CA22834ED7B003036C0 /* Embed Watch Content */ = {
			isa = PBXCopyFilesBuildPhase;
			buildActionMask = 2147483647;
			dstPath = "$(CONTENTS_FOLDER_PATH)/Watch";
			dstSubfolderSpec = 16;
			files = (
				C2848CA12834ED7B003036C0 /* CashFlow W.app in Embed Watch Content */,
			);
			name = "Embed Watch Content";
			runOnlyForDeploymentPostprocessing = 0;
		};
		C2848CA52834ED7B003036C0 /* Embed App Extensions */ = {
			isa = PBXCopyFilesBuildPhase;
			buildActionMask = 2147483647;
			dstPath = "";
			dstSubfolderSpec = 13;
			files = (
				C2848C742834ED7A003036C0 /* CashFlow W WatchKit Extension.appex in Embed App Extensions */,
			);
			name = "Embed App Extensions";
			runOnlyForDeploymentPostprocessing = 0;
		};
/* End PBXCopyFilesBuildPhase section */

/* Begin PBXFileReference section */
		C2141BC22833AEAA00F05D57 /* ItemDetailsView.swift */ = {isa = PBXFileReference; lastKnownFileType = sourcecode.swift; path = ItemDetailsView.swift; sourceTree = SOURCE_ROOT; };
		C27E2E042837AA3F00B8A04A /* CashFlow (iOS).entitlements */ = {isa = PBXFileReference; lastKnownFileType = text.plist.entitlements; path = "CashFlow (iOS).entitlements"; sourceTree = "<group>"; };
		C27E2E062837AB9400B8A04A /* CloudKit.framework */ = {isa = PBXFileReference; lastKnownFileType = wrapper.framework; name = CloudKit.framework; path = Platforms/iPhoneOS.platform/Developer/SDKs/iPhoneOS15.4.sdk/System/Library/Frameworks/CloudKit.framework; sourceTree = DEVELOPER_DIR; };
		C27E2E082837ABEA00B8A04A /* CloudKit.framework */ = {isa = PBXFileReference; lastKnownFileType = wrapper.framework; name = CloudKit.framework; path = System/Library/Frameworks/CloudKit.framework; sourceTree = SDKROOT; };
		C27E2E0A2837AC0600B8A04A /* CashFlow W WatchKit Extension.entitlements */ = {isa = PBXFileReference; lastKnownFileType = text.plist.entitlements; path = "CashFlow W WatchKit Extension.entitlements"; sourceTree = "<group>"; };
		C27E2E0B2837AC0E00B8A04A /* CloudKit.framework */ = {isa = PBXFileReference; lastKnownFileType = wrapper.framework; name = CloudKit.framework; path = Platforms/WatchOS.platform/Developer/SDKs/WatchOS8.5.sdk/System/Library/Frameworks/CloudKit.framework; sourceTree = DEVELOPER_DIR; };
		C2848C6B2834ED7A003036C0 /* CashFlow W.app */ = {isa = PBXFileReference; explicitFileType = wrapper.application; includeInIndex = 0; path = "CashFlow W.app"; sourceTree = BUILT_PRODUCTS_DIR; };
		C2848C6D2834ED7A003036C0 /* Assets.xcassets */ = {isa = PBXFileReference; lastKnownFileType = folder.assetcatalog; path = Assets.xcassets; sourceTree = "<group>"; };
		C2848C732834ED7A003036C0 /* CashFlow W WatchKit Extension.appex */ = {isa = PBXFileReference; explicitFileType = "wrapper.app-extension"; includeInIndex = 0; path = "CashFlow W WatchKit Extension.appex"; sourceTree = BUILT_PRODUCTS_DIR; };
		C2848C782834ED7A003036C0 /* CashFlowApp.swift */ = {isa = PBXFileReference; lastKnownFileType = sourcecode.swift; path = CashFlowApp.swift; sourceTree = "<group>"; };
		C2848C7A2834ED7A003036C0 /* ContentView.swift */ = {isa = PBXFileReference; lastKnownFileType = sourcecode.swift; path = ContentView.swift; sourceTree = "<group>"; };
		C2848C7C2834ED7A003036C0 /* NotificationController.swift */ = {isa = PBXFileReference; lastKnownFileType = sourcecode.swift; path = NotificationController.swift; sourceTree = "<group>"; };
		C2848C7E2834ED7A003036C0 /* NotificationView.swift */ = {isa = PBXFileReference; lastKnownFileType = sourcecode.swift; path = NotificationView.swift; sourceTree = "<group>"; };
		C2848C802834ED7A003036C0 /* ComplicationController.swift */ = {isa = PBXFileReference; lastKnownFileType = sourcecode.swift; path = ComplicationController.swift; sourceTree = "<group>"; };
		C2848C822834ED7B003036C0 /* Assets.xcassets */ = {isa = PBXFileReference; lastKnownFileType = folder.assetcatalog; path = Assets.xcassets; sourceTree = "<group>"; };
		C2848C852834ED7B003036C0 /* Preview Assets.xcassets */ = {isa = PBXFileReference; lastKnownFileType = folder.assetcatalog; path = "Preview Assets.xcassets"; sourceTree = "<group>"; };
		C2848C872834ED7B003036C0 /* Info.plist */ = {isa = PBXFileReference; lastKnownFileType = text.plist.xml; path = Info.plist; sourceTree = "<group>"; };
		C2848C882834ED7B003036C0 /* PushNotificationPayload.apns */ = {isa = PBXFileReference; lastKnownFileType = text; path = PushNotificationPayload.apns; sourceTree = "<group>"; };
		C2848C8D2834ED7B003036C0 /* CashFlow WTests.xctest */ = {isa = PBXFileReference; explicitFileType = wrapper.cfbundle; includeInIndex = 0; path = "CashFlow WTests.xctest"; sourceTree = BUILT_PRODUCTS_DIR; };
		C2848C912834ED7B003036C0 /* CashFlow_WTests.swift */ = {isa = PBXFileReference; lastKnownFileType = sourcecode.swift; path = CashFlow_WTests.swift; sourceTree = "<group>"; };
		C2848C972834ED7B003036C0 /* CashFlow WUITests.xctest */ = {isa = PBXFileReference; explicitFileType = wrapper.cfbundle; includeInIndex = 0; path = "CashFlow WUITests.xctest"; sourceTree = BUILT_PRODUCTS_DIR; };
		C2848C9B2834ED7B003036C0 /* CashFlow_WUITests.swift */ = {isa = PBXFileReference; lastKnownFileType = sourcecode.swift; path = CashFlow_WUITests.swift; sourceTree = "<group>"; };
		C2848C9D2834ED7B003036C0 /* CashFlow_WUITestsLaunchTests.swift */ = {isa = PBXFileReference; lastKnownFileType = sourcecode.swift; path = CashFlow_WUITestsLaunchTests.swift; sourceTree = "<group>"; };
		C2A7DFF428337A7000474E4E /* Shared.xcdatamodel */ = {isa = PBXFileReference; lastKnownFileType = wrapper.xcdatamodel; path = Shared.xcdatamodel; sourceTree = "<group>"; };
		C2A7DFF528337A7000474E4E /* CashFlowApp.swift */ = {isa = PBXFileReference; lastKnownFileType = sourcecode.swift; path = CashFlowApp.swift; sourceTree = "<group>"; };
		C2A7DFF628337A7000474E4E /* ContentView.swift */ = {isa = PBXFileReference; lastKnownFileType = sourcecode.swift; path = ContentView.swift; sourceTree = "<group>"; };
		C2A7DFF728337A7000474E4E /* Persistence.swift */ = {isa = PBXFileReference; lastKnownFileType = sourcecode.swift; path = Persistence.swift; sourceTree = "<group>"; };
		C2A7DFF828337A7100474E4E /* Assets.xcassets */ = {isa = PBXFileReference; lastKnownFileType = folder.assetcatalog; path = Assets.xcassets; sourceTree = "<group>"; };
		C2A7DFFD28337A7100474E4E /* CashFlow.app */ = {isa = PBXFileReference; explicitFileType = wrapper.application; includeInIndex = 0; path = CashFlow.app; sourceTree = BUILT_PRODUCTS_DIR; };
		C2A7E00328337A7100474E4E /* CashFlow.app */ = {isa = PBXFileReference; explicitFileType = wrapper.application; includeInIndex = 0; path = CashFlow.app; sourceTree = BUILT_PRODUCTS_DIR; };
		C2A7E00528337A7100474E4E /* macOS.entitlements */ = {isa = PBXFileReference; lastKnownFileType = text.plist.entitlements; path = macOS.entitlements; sourceTree = "<group>"; };
		C2A7E00A28337A7100474E4E /* Tests iOS.xctest */ = {isa = PBXFileReference; explicitFileType = wrapper.cfbundle; includeInIndex = 0; path = "Tests iOS.xctest"; sourceTree = BUILT_PRODUCTS_DIR; };
		C2A7E00E28337A7100474E4E /* Tests_iOS.swift */ = {isa = PBXFileReference; lastKnownFileType = sourcecode.swift; path = Tests_iOS.swift; sourceTree = "<group>"; };
		C2A7E01028337A7100474E4E /* Tests_iOSLaunchTests.swift */ = {isa = PBXFileReference; lastKnownFileType = sourcecode.swift; path = Tests_iOSLaunchTests.swift; sourceTree = "<group>"; };
		C2A7E01628337A7100474E4E /* Tests macOS.xctest */ = {isa = PBXFileReference; explicitFileType = wrapper.cfbundle; includeInIndex = 0; path = "Tests macOS.xctest"; sourceTree = BUILT_PRODUCTS_DIR; };
		C2A7E01A28337A7100474E4E /* Tests_macOS.swift */ = {isa = PBXFileReference; lastKnownFileType = sourcecode.swift; path = Tests_macOS.swift; sourceTree = "<group>"; };
		C2A7E01C28337A7100474E4E /* Tests_macOSLaunchTests.swift */ = {isa = PBXFileReference; lastKnownFileType = sourcecode.swift; path = Tests_macOSLaunchTests.swift; sourceTree = "<group>"; };
/* End PBXFileReference section */

/* Begin PBXFrameworksBuildPhase section */
		C2848C702834ED7A003036C0 /* Frameworks */ = {
			isa = PBXFrameworksBuildPhase;
			buildActionMask = 2147483647;
			files = (
				C27E2E0C2837AC0E00B8A04A /* CloudKit.framework in Frameworks */,
			);
			runOnlyForDeploymentPostprocessing = 0;
		};
		C2848C8A2834ED7B003036C0 /* Frameworks */ = {
			isa = PBXFrameworksBuildPhase;
			buildActionMask = 2147483647;
			files = (
			);
			runOnlyForDeploymentPostprocessing = 0;
		};
		C2848C942834ED7B003036C0 /* Frameworks */ = {
			isa = PBXFrameworksBuildPhase;
			buildActionMask = 2147483647;
			files = (
			);
			runOnlyForDeploymentPostprocessing = 0;
		};
		C2A7DFFA28337A7100474E4E /* Frameworks */ = {
			isa = PBXFrameworksBuildPhase;
			buildActionMask = 2147483647;
			files = (
				C27E2E072837AB9400B8A04A /* CloudKit.framework in Frameworks */,
			);
			runOnlyForDeploymentPostprocessing = 0;
		};
		C2A7E00028337A7100474E4E /* Frameworks */ = {
			isa = PBXFrameworksBuildPhase;
			buildActionMask = 2147483647;
			files = (
				C27E2E092837ABEA00B8A04A /* CloudKit.framework in Frameworks */,
			);
			runOnlyForDeploymentPostprocessing = 0;
		};
		C2A7E00728337A7100474E4E /* Frameworks */ = {
			isa = PBXFrameworksBuildPhase;
			buildActionMask = 2147483647;
			files = (
			);
			runOnlyForDeploymentPostprocessing = 0;
		};
		C2A7E01328337A7100474E4E /* Frameworks */ = {
			isa = PBXFrameworksBuildPhase;
			buildActionMask = 2147483647;
			files = (
			);
			runOnlyForDeploymentPostprocessing = 0;
		};
/* End PBXFrameworksBuildPhase section */

/* Begin PBXGroup section */
		C27E2E052837AB9400B8A04A /* Frameworks */ = {
			isa = PBXGroup;
			children = (
				C27E2E0B2837AC0E00B8A04A /* CloudKit.framework */,
				C27E2E082837ABEA00B8A04A /* CloudKit.framework */,
				C27E2E062837AB9400B8A04A /* CloudKit.framework */,
			);
			name = Frameworks;
			sourceTree = "<group>";
		};
		C2848C6C2834ED7A003036C0 /* CashFlow W */ = {
			isa = PBXGroup;
			children = (
				C2848C6D2834ED7A003036C0 /* Assets.xcassets */,
			);
			path = "CashFlow W";
			sourceTree = "<group>";
		};
		C2848C772834ED7A003036C0 /* CashFlow W WatchKit Extension */ = {
			isa = PBXGroup;
			children = (
				C27E2E0A2837AC0600B8A04A /* CashFlow W WatchKit Extension.entitlements */,
				C2848C782834ED7A003036C0 /* CashFlowApp.swift */,
				C2848C7A2834ED7A003036C0 /* ContentView.swift */,
				C2848C7C2834ED7A003036C0 /* NotificationController.swift */,
				C2848C7E2834ED7A003036C0 /* NotificationView.swift */,
				C2848C802834ED7A003036C0 /* ComplicationController.swift */,
				C2848C822834ED7B003036C0 /* Assets.xcassets */,
				C2848C872834ED7B003036C0 /* Info.plist */,
				C2848C882834ED7B003036C0 /* PushNotificationPayload.apns */,
				C2848C842834ED7B003036C0 /* Preview Content */,
			);
			path = "CashFlow W WatchKit Extension";
			sourceTree = "<group>";
		};
		C2848C842834ED7B003036C0 /* Preview Content */ = {
			isa = PBXGroup;
			children = (
				C2848C852834ED7B003036C0 /* Preview Assets.xcassets */,
			);
			path = "Preview Content";
			sourceTree = "<group>";
		};
		C2848C902834ED7B003036C0 /* CashFlow WTests */ = {
			isa = PBXGroup;
			children = (
				C2848C912834ED7B003036C0 /* CashFlow_WTests.swift */,
			);
			path = "CashFlow WTests";
			sourceTree = "<group>";
		};
		C2848C9A2834ED7B003036C0 /* CashFlow WUITests */ = {
			isa = PBXGroup;
			children = (
				C2848C9B2834ED7B003036C0 /* CashFlow_WUITests.swift */,
				C2848C9D2834ED7B003036C0 /* CashFlow_WUITestsLaunchTests.swift */,
			);
			path = "CashFlow WUITests";
			sourceTree = "<group>";
		};
		C2A7DFED28337A7000474E4E = {
			isa = PBXGroup;
			children = (
				C27E2E042837AA3F00B8A04A /* CashFlow (iOS).entitlements */,
				C2A7DFF228337A7000474E4E /* Shared */,
				C2A7E00428337A7100474E4E /* macOS */,
				C2A7E00D28337A7100474E4E /* Tests iOS */,
				C2A7E01928337A7100474E4E /* Tests macOS */,
				C2848C6C2834ED7A003036C0 /* CashFlow W */,
				C2848C772834ED7A003036C0 /* CashFlow W WatchKit Extension */,
				C2848C902834ED7B003036C0 /* CashFlow WTests */,
				C2848C9A2834ED7B003036C0 /* CashFlow WUITests */,
				C2A7DFFE28337A7100474E4E /* Products */,
				C27E2E052837AB9400B8A04A /* Frameworks */,
			);
			sourceTree = "<group>";
		};
		C2A7DFF228337A7000474E4E /* Shared */ = {
			isa = PBXGroup;
			children = (
				C2141BC22833AEAA00F05D57 /* ItemDetailsView.swift */,
				C2A7DFF528337A7000474E4E /* CashFlowApp.swift */,
				C2A7DFF628337A7000474E4E /* ContentView.swift */,
				C2A7DFF728337A7000474E4E /* Persistence.swift */,
				C2A7DFF828337A7100474E4E /* Assets.xcassets */,
				C2A7DFF328337A7000474E4E /* CashFlow.xcdatamodeld */,
			);
			path = Shared;
			sourceTree = "<group>";
		};
		C2A7DFFE28337A7100474E4E /* Products */ = {
			isa = PBXGroup;
			children = (
				C2A7DFFD28337A7100474E4E /* CashFlow.app */,
				C2A7E00328337A7100474E4E /* CashFlow.app */,
				C2A7E00A28337A7100474E4E /* Tests iOS.xctest */,
				C2A7E01628337A7100474E4E /* Tests macOS.xctest */,
				C2848C6B2834ED7A003036C0 /* CashFlow W.app */,
				C2848C732834ED7A003036C0 /* CashFlow W WatchKit Extension.appex */,
				C2848C8D2834ED7B003036C0 /* CashFlow WTests.xctest */,
				C2848C972834ED7B003036C0 /* CashFlow WUITests.xctest */,
			);
			name = Products;
			sourceTree = "<group>";
		};
		C2A7E00428337A7100474E4E /* macOS */ = {
			isa = PBXGroup;
			children = (
				C2A7E00528337A7100474E4E /* macOS.entitlements */,
			);
			path = macOS;
			sourceTree = "<group>";
		};
		C2A7E00D28337A7100474E4E /* Tests iOS */ = {
			isa = PBXGroup;
			children = (
				C2A7E00E28337A7100474E4E /* Tests_iOS.swift */,
				C2A7E01028337A7100474E4E /* Tests_iOSLaunchTests.swift */,
			);
			path = "Tests iOS";
			sourceTree = "<group>";
		};
		C2A7E01928337A7100474E4E /* Tests macOS */ = {
			isa = PBXGroup;
			children = (
				C2A7E01A28337A7100474E4E /* Tests_macOS.swift */,
				C2A7E01C28337A7100474E4E /* Tests_macOSLaunchTests.swift */,
			);
			path = "Tests macOS";
			sourceTree = "<group>";
		};
/* End PBXGroup section */

/* Begin PBXNativeTarget section */
		C2848C6A2834ED7A003036C0 /* CashFlow W */ = {
			isa = PBXNativeTarget;
			buildConfigurationList = C2848CAD2834ED7B003036C0 /* Build configuration list for PBXNativeTarget "CashFlow W" */;
			buildPhases = (
				C2848C692834ED7A003036C0 /* Resources */,
				C2848CA52834ED7B003036C0 /* Embed App Extensions */,
			);
			buildRules = (
			);
			dependencies = (
				C2848C762834ED7A003036C0 /* PBXTargetDependency */,
			);
			name = "CashFlow W";
			productName = "CashFlow W";
			productReference = C2848C6B2834ED7A003036C0 /* CashFlow W.app */;
			productType = "com.apple.product-type.application.watchapp2";
		};
		C2848C722834ED7A003036C0 /* CashFlow W WatchKit Extension */ = {
			isa = PBXNativeTarget;
			buildConfigurationList = C2848CAC2834ED7B003036C0 /* Build configuration list for PBXNativeTarget "CashFlow W WatchKit Extension" */;
			buildPhases = (
				C2848C6F2834ED7A003036C0 /* Sources */,
				C2848C702834ED7A003036C0 /* Frameworks */,
				C2848C712834ED7A003036C0 /* Resources */,
			);
			buildRules = (
			);
			dependencies = (
			);
			name = "CashFlow W WatchKit Extension";
			productName = "CashFlow W WatchKit Extension";
			productReference = C2848C732834ED7A003036C0 /* CashFlow W WatchKit Extension.appex */;
			productType = "com.apple.product-type.watchkit2-extension";
		};
		C2848C8C2834ED7B003036C0 /* CashFlow WTests */ = {
			isa = PBXNativeTarget;
			buildConfigurationList = C2848CAE2834ED7B003036C0 /* Build configuration list for PBXNativeTarget "CashFlow WTests" */;
			buildPhases = (
				C2848C892834ED7B003036C0 /* Sources */,
				C2848C8A2834ED7B003036C0 /* Frameworks */,
				C2848C8B2834ED7B003036C0 /* Resources */,
			);
			buildRules = (
			);
			dependencies = (
				C2848C8F2834ED7B003036C0 /* PBXTargetDependency */,
			);
			name = "CashFlow WTests";
			productName = "CashFlow WTests";
			productReference = C2848C8D2834ED7B003036C0 /* CashFlow WTests.xctest */;
			productType = "com.apple.product-type.bundle.unit-test";
		};
		C2848C962834ED7B003036C0 /* CashFlow WUITests */ = {
			isa = PBXNativeTarget;
			buildConfigurationList = C2848CAF2834ED7B003036C0 /* Build configuration list for PBXNativeTarget "CashFlow WUITests" */;
			buildPhases = (
				C2848C932834ED7B003036C0 /* Sources */,
				C2848C942834ED7B003036C0 /* Frameworks */,
				C2848C952834ED7B003036C0 /* Resources */,
			);
			buildRules = (
			);
			dependencies = (
				C2848C992834ED7B003036C0 /* PBXTargetDependency */,
			);
			name = "CashFlow WUITests";
			productName = "CashFlow WUITests";
			productReference = C2848C972834ED7B003036C0 /* CashFlow WUITests.xctest */;
			productType = "com.apple.product-type.bundle.ui-testing";
		};
		C2A7DFFC28337A7100474E4E /* CashFlow (iOS) */ = {
			isa = PBXNativeTarget;
			buildConfigurationList = C2A7E02A28337A7100474E4E /* Build configuration list for PBXNativeTarget "CashFlow (iOS)" */;
			buildPhases = (
				C2A7DFF928337A7100474E4E /* Sources */,
				C2A7DFFA28337A7100474E4E /* Frameworks */,
				C2A7DFFB28337A7100474E4E /* Resources */,
				C2848CA22834ED7B003036C0 /* Embed Watch Content */,
			);
			buildRules = (
			);
			dependencies = (
				C2848CA02834ED7B003036C0 /* PBXTargetDependency */,
			);
			name = "CashFlow (iOS)";
			productName = "CashFlow (iOS)";
			productReference = C2A7DFFD28337A7100474E4E /* CashFlow.app */;
			productType = "com.apple.product-type.application";
		};
		C2A7E00228337A7100474E4E /* CashFlow (macOS) */ = {
			isa = PBXNativeTarget;
			buildConfigurationList = C2A7E02D28337A7100474E4E /* Build configuration list for PBXNativeTarget "CashFlow (macOS)" */;
			buildPhases = (
				C2A7DFFF28337A7100474E4E /* Sources */,
				C2A7E00028337A7100474E4E /* Frameworks */,
				C2A7E00128337A7100474E4E /* Resources */,
			);
			buildRules = (
			);
			dependencies = (
			);
			name = "CashFlow (macOS)";
			productName = "CashFlow (macOS)";
			productReference = C2A7E00328337A7100474E4E /* CashFlow.app */;
			productType = "com.apple.product-type.application";
		};
		C2A7E00928337A7100474E4E /* Tests iOS */ = {
			isa = PBXNativeTarget;
			buildConfigurationList = C2A7E03028337A7100474E4E /* Build configuration list for PBXNativeTarget "Tests iOS" */;
			buildPhases = (
				C2A7E00628337A7100474E4E /* Sources */,
				C2A7E00728337A7100474E4E /* Frameworks */,
				C2A7E00828337A7100474E4E /* Resources */,
			);
			buildRules = (
			);
			dependencies = (
				C2A7E00C28337A7100474E4E /* PBXTargetDependency */,
			);
			name = "Tests iOS";
			productName = "Tests iOS";
			productReference = C2A7E00A28337A7100474E4E /* Tests iOS.xctest */;
			productType = "com.apple.product-type.bundle.ui-testing";
		};
		C2A7E01528337A7100474E4E /* Tests macOS */ = {
			isa = PBXNativeTarget;
			buildConfigurationList = C2A7E03328337A7100474E4E /* Build configuration list for PBXNativeTarget "Tests macOS" */;
			buildPhases = (
				C2A7E01228337A7100474E4E /* Sources */,
				C2A7E01328337A7100474E4E /* Frameworks */,
				C2A7E01428337A7100474E4E /* Resources */,
			);
			buildRules = (
			);
			dependencies = (
				C2A7E01828337A7100474E4E /* PBXTargetDependency */,
			);
			name = "Tests macOS";
			productName = "Tests macOS";
			productReference = C2A7E01628337A7100474E4E /* Tests macOS.xctest */;
			productType = "com.apple.product-type.bundle.ui-testing";
		};
/* End PBXNativeTarget section */

/* Begin PBXProject section */
		C2A7DFEE28337A7000474E4E /* Project object */ = {
			isa = PBXProject;
			attributes = {
				BuildIndependentTargetsInParallel = 1;
				LastSwiftUpdateCheck = 1330;
				LastUpgradeCheck = 1330;
				TargetAttributes = {
					C2848C6A2834ED7A003036C0 = {
						CreatedOnToolsVersion = 13.3;
					};
					C2848C722834ED7A003036C0 = {
						CreatedOnToolsVersion = 13.3;
					};
					C2848C8C2834ED7B003036C0 = {
						CreatedOnToolsVersion = 13.3;
						TestTargetID = C2848C722834ED7A003036C0;
					};
					C2848C962834ED7B003036C0 = {
						CreatedOnToolsVersion = 13.3;
						TestTargetID = C2848C6A2834ED7A003036C0;
					};
					C2A7DFFC28337A7100474E4E = {
						CreatedOnToolsVersion = 13.3;
					};
					C2A7E00228337A7100474E4E = {
						CreatedOnToolsVersion = 13.3;
					};
					C2A7E00928337A7100474E4E = {
						CreatedOnToolsVersion = 13.3;
						TestTargetID = C2A7DFFC28337A7100474E4E;
					};
					C2A7E01528337A7100474E4E = {
						CreatedOnToolsVersion = 13.3;
						TestTargetID = C2A7E00228337A7100474E4E;
					};
				};
			};
			buildConfigurationList = C2A7DFF128337A7000474E4E /* Build configuration list for PBXProject "CashFlow" */;
			compatibilityVersion = "Xcode 13.0";
			developmentRegion = en;
			hasScannedForEncodings = 0;
			knownRegions = (
				en,
				Base,
			);
			mainGroup = C2A7DFED28337A7000474E4E;
			productRefGroup = C2A7DFFE28337A7100474E4E /* Products */;
			projectDirPath = "";
			projectRoot = "";
			targets = (
				C2A7DFFC28337A7100474E4E /* CashFlow (iOS) */,
				C2A7E00228337A7100474E4E /* CashFlow (macOS) */,
				C2A7E00928337A7100474E4E /* Tests iOS */,
				C2A7E01528337A7100474E4E /* Tests macOS */,
				C2848C6A2834ED7A003036C0 /* CashFlow W */,
				C2848C722834ED7A003036C0 /* CashFlow W WatchKit Extension */,
				C2848C8C2834ED7B003036C0 /* CashFlow WTests */,
				C2848C962834ED7B003036C0 /* CashFlow WUITests */,
			);
		};
/* End PBXProject section */

/* Begin PBXResourcesBuildPhase section */
		C2848C692834ED7A003036C0 /* Resources */ = {
			isa = PBXResourcesBuildPhase;
			buildActionMask = 2147483647;
			files = (
				C2848C6E2834ED7A003036C0 /* Assets.xcassets in Resources */,
			);
			runOnlyForDeploymentPostprocessing = 0;
		};
		C2848C712834ED7A003036C0 /* Resources */ = {
			isa = PBXResourcesBuildPhase;
			buildActionMask = 2147483647;
			files = (
				C2848C862834ED7B003036C0 /* Preview Assets.xcassets in Resources */,
				C2848C832834ED7B003036C0 /* Assets.xcassets in Resources */,
			);
			runOnlyForDeploymentPostprocessing = 0;
		};
		C2848C8B2834ED7B003036C0 /* Resources */ = {
			isa = PBXResourcesBuildPhase;
			buildActionMask = 2147483647;
			files = (
			);
			runOnlyForDeploymentPostprocessing = 0;
		};
		C2848C952834ED7B003036C0 /* Resources */ = {
			isa = PBXResourcesBuildPhase;
			buildActionMask = 2147483647;
			files = (
			);
			runOnlyForDeploymentPostprocessing = 0;
		};
		C2A7DFFB28337A7100474E4E /* Resources */ = {
			isa = PBXResourcesBuildPhase;
			buildActionMask = 2147483647;
			files = (
				C2A7E02628337A7100474E4E /* Assets.xcassets in Resources */,
			);
			runOnlyForDeploymentPostprocessing = 0;
		};
		C2A7E00128337A7100474E4E /* Resources */ = {
			isa = PBXResourcesBuildPhase;
			buildActionMask = 2147483647;
			files = (
				C2A7E02728337A7100474E4E /* Assets.xcassets in Resources */,
			);
			runOnlyForDeploymentPostprocessing = 0;
		};
		C2A7E00828337A7100474E4E /* Resources */ = {
			isa = PBXResourcesBuildPhase;
			buildActionMask = 2147483647;
			files = (
			);
			runOnlyForDeploymentPostprocessing = 0;
		};
		C2A7E01428337A7100474E4E /* Resources */ = {
			isa = PBXResourcesBuildPhase;
			buildActionMask = 2147483647;
			files = (
			);
			runOnlyForDeploymentPostprocessing = 0;
		};
/* End PBXResourcesBuildPhase section */

/* Begin PBXSourcesBuildPhase section */
		C2848C6F2834ED7A003036C0 /* Sources */ = {
			isa = PBXSourcesBuildPhase;
			buildActionMask = 2147483647;
			files = (
				C2848CB22834EDB2003036C0 /* ItemDetailsView.swift in Sources */,
				C2848C7D2834ED7A003036C0 /* NotificationController.swift in Sources */,
				C2848C812834ED7A003036C0 /* ComplicationController.swift in Sources */,
				C2848CB12834EDB2003036C0 /* ContentView.swift in Sources */,
				C2848CB32834EDB4003036C0 /* CashFlow.xcdatamodeld in Sources */,
				C2848C792834ED7A003036C0 /* CashFlowApp.swift in Sources */,
				C2848C7F2834ED7A003036C0 /* NotificationView.swift in Sources */,
				C2848CB02834EDB2003036C0 /* Persistence.swift in Sources */,
			);
			runOnlyForDeploymentPostprocessing = 0;
		};
		C2848C892834ED7B003036C0 /* Sources */ = {
			isa = PBXSourcesBuildPhase;
			buildActionMask = 2147483647;
			files = (
				C2848C922834ED7B003036C0 /* CashFlow_WTests.swift in Sources */,
			);
			runOnlyForDeploymentPostprocessing = 0;
		};
		C2848C932834ED7B003036C0 /* Sources */ = {
			isa = PBXSourcesBuildPhase;
			buildActionMask = 2147483647;
			files = (
				C2848C9C2834ED7B003036C0 /* CashFlow_WUITests.swift in Sources */,
				C2848C9E2834ED7B003036C0 /* CashFlow_WUITestsLaunchTests.swift in Sources */,
			);
			runOnlyForDeploymentPostprocessing = 0;
		};
		C2A7DFF928337A7100474E4E /* Sources */ = {
			isa = PBXSourcesBuildPhase;
			buildActionMask = 2147483647;
			files = (
				C2A7E02028337A7100474E4E /* CashFlowApp.swift in Sources */,
				C2A7E02428337A7100474E4E /* Persistence.swift in Sources */,
				C2A7E01E28337A7100474E4E /* CashFlow.xcdatamodeld in Sources */,
				C2141BC32833AEAA00F05D57 /* ItemDetailsView.swift in Sources */,
				C2A7E02228337A7100474E4E /* ContentView.swift in Sources */,
			);
			runOnlyForDeploymentPostprocessing = 0;
		};
		C2A7DFFF28337A7100474E4E /* Sources */ = {
			isa = PBXSourcesBuildPhase;
			buildActionMask = 2147483647;
			files = (
				C2A7E02128337A7100474E4E /* CashFlowApp.swift in Sources */,
				C2A7E02528337A7100474E4E /* Persistence.swift in Sources */,
				C2A7E01F28337A7100474E4E /* CashFlow.xcdatamodeld in Sources */,
				C2141BC42833AEAA00F05D57 /* ItemDetailsView.swift in Sources */,
				C2A7E02328337A7100474E4E /* ContentView.swift in Sources */,
			);
			runOnlyForDeploymentPostprocessing = 0;
		};
		C2A7E00628337A7100474E4E /* Sources */ = {
			isa = PBXSourcesBuildPhase;
			buildActionMask = 2147483647;
			files = (
				C2A7E01128337A7100474E4E /* Tests_iOSLaunchTests.swift in Sources */,
				C2A7E00F28337A7100474E4E /* Tests_iOS.swift in Sources */,
			);
			runOnlyForDeploymentPostprocessing = 0;
		};
		C2A7E01228337A7100474E4E /* Sources */ = {
			isa = PBXSourcesBuildPhase;
			buildActionMask = 2147483647;
			files = (
				C2A7E01D28337A7100474E4E /* Tests_macOSLaunchTests.swift in Sources */,
				C2A7E01B28337A7100474E4E /* Tests_macOS.swift in Sources */,
			);
			runOnlyForDeploymentPostprocessing = 0;
		};
/* End PBXSourcesBuildPhase section */

/* Begin PBXTargetDependency section */
		C2848C762834ED7A003036C0 /* PBXTargetDependency */ = {
			isa = PBXTargetDependency;
			target = C2848C722834ED7A003036C0 /* CashFlow W WatchKit Extension */;
			targetProxy = C2848C752834ED7A003036C0 /* PBXContainerItemProxy */;
		};
		C2848C8F2834ED7B003036C0 /* PBXTargetDependency */ = {
			isa = PBXTargetDependency;
			target = C2848C722834ED7A003036C0 /* CashFlow W WatchKit Extension */;
			targetProxy = C2848C8E2834ED7B003036C0 /* PBXContainerItemProxy */;
		};
		C2848C992834ED7B003036C0 /* PBXTargetDependency */ = {
			isa = PBXTargetDependency;
			target = C2848C6A2834ED7A003036C0 /* CashFlow W */;
			targetProxy = C2848C982834ED7B003036C0 /* PBXContainerItemProxy */;
		};
		C2848CA02834ED7B003036C0 /* PBXTargetDependency */ = {
			isa = PBXTargetDependency;
			target = C2848C6A2834ED7A003036C0 /* CashFlow W */;
			targetProxy = C2848C9F2834ED7B003036C0 /* PBXContainerItemProxy */;
		};
		C2A7E00C28337A7100474E4E /* PBXTargetDependency */ = {
			isa = PBXTargetDependency;
			target = C2A7DFFC28337A7100474E4E /* CashFlow (iOS) */;
			targetProxy = C2A7E00B28337A7100474E4E /* PBXContainerItemProxy */;
		};
		C2A7E01828337A7100474E4E /* PBXTargetDependency */ = {
			isa = PBXTargetDependency;
			target = C2A7E00228337A7100474E4E /* CashFlow (macOS) */;
			targetProxy = C2A7E01728337A7100474E4E /* PBXContainerItemProxy */;
		};
/* End PBXTargetDependency section */

/* Begin XCBuildConfiguration section */
		C2848CA32834ED7B003036C0 /* Debug */ = {
			isa = XCBuildConfiguration;
			buildSettings = {
				ALWAYS_EMBED_SWIFT_STANDARD_LIBRARIES = YES;
				ASSETCATALOG_COMPILER_APPICON_NAME = AppIcon;
				ASSETCATALOG_COMPILER_GLOBAL_ACCENT_COLOR_NAME = AccentColor;
				CODE_SIGN_STYLE = Automatic;
				CURRENT_PROJECT_VERSION = 1;
				DEVELOPMENT_TEAM = 44TVYQ8RAX;
				GENERATE_INFOPLIST_FILE = YES;
				IBSC_MODULE = CashFlow_W_WatchKit_Extension;
				INFOPLIST_KEY_CFBundleDisplayName = "CashFlow W";
				INFOPLIST_KEY_UISupportedInterfaceOrientations = "UIInterfaceOrientationPortrait UIInterfaceOrientationPortraitUpsideDown";
				INFOPLIST_KEY_WKCompanionAppBundleIdentifier = com.spneshaei.CashFlow;
				MARKETING_VERSION = 1.0;
				PRODUCT_BUNDLE_IDENTIFIER = com.spneshaei.CashFlow.watchkitapp;
				PRODUCT_NAME = "$(TARGET_NAME)";
				SDKROOT = watchos;
				SKIP_INSTALL = YES;
				SWIFT_EMIT_LOC_STRINGS = YES;
				SWIFT_VERSION = 5.0;
				TARGETED_DEVICE_FAMILY = 4;
				WATCHOS_DEPLOYMENT_TARGET = 8.5;
			};
			name = Debug;
		};
		C2848CA42834ED7B003036C0 /* Release */ = {
			isa = XCBuildConfiguration;
			buildSettings = {
				ALWAYS_EMBED_SWIFT_STANDARD_LIBRARIES = YES;
				ASSETCATALOG_COMPILER_APPICON_NAME = AppIcon;
				ASSETCATALOG_COMPILER_GLOBAL_ACCENT_COLOR_NAME = AccentColor;
				CODE_SIGN_STYLE = Automatic;
				CURRENT_PROJECT_VERSION = 1;
				DEVELOPMENT_TEAM = 44TVYQ8RAX;
				GENERATE_INFOPLIST_FILE = YES;
				IBSC_MODULE = CashFlow_W_WatchKit_Extension;
				INFOPLIST_KEY_CFBundleDisplayName = "CashFlow W";
				INFOPLIST_KEY_UISupportedInterfaceOrientations = "UIInterfaceOrientationPortrait UIInterfaceOrientationPortraitUpsideDown";
				INFOPLIST_KEY_WKCompanionAppBundleIdentifier = com.spneshaei.CashFlow;
				MARKETING_VERSION = 1.0;
				PRODUCT_BUNDLE_IDENTIFIER = com.spneshaei.CashFlow.watchkitapp;
				PRODUCT_NAME = "$(TARGET_NAME)";
				SDKROOT = watchos;
				SKIP_INSTALL = YES;
				SWIFT_EMIT_LOC_STRINGS = YES;
				SWIFT_VERSION = 5.0;
				TARGETED_DEVICE_FAMILY = 4;
				VALIDATE_PRODUCT = YES;
				WATCHOS_DEPLOYMENT_TARGET = 8.5;
			};
			name = Release;
		};
		C2848CA62834ED7B003036C0 /* Debug */ = {
			isa = XCBuildConfiguration;
			buildSettings = {
				ASSETCATALOG_COMPILER_COMPLICATION_NAME = Complication;
				CODE_SIGN_ENTITLEMENTS = "CashFlow W WatchKit Extension/CashFlow W WatchKit Extension.entitlements";
				CODE_SIGN_STYLE = Automatic;
				CURRENT_PROJECT_VERSION = 1;
				DEVELOPMENT_ASSET_PATHS = "\"CashFlow W WatchKit Extension/Preview Content\"";
				DEVELOPMENT_TEAM = 44TVYQ8RAX;
				ENABLE_PREVIEWS = YES;
				GENERATE_INFOPLIST_FILE = YES;
				INFOPLIST_FILE = "CashFlow W WatchKit Extension/Info.plist";
				INFOPLIST_KEY_CFBundleDisplayName = "CashFlow W WatchKit Extension";
				INFOPLIST_KEY_CLKComplicationPrincipalClass = "$(PRODUCT_MODULE_NAME).ComplicationController";
				INFOPLIST_KEY_NSHumanReadableCopyright = "";
				LD_RUNPATH_SEARCH_PATHS = (
					"$(inherited)",
					"@executable_path/Frameworks",
					"@executable_path/../../Frameworks",
				);
				MARKETING_VERSION = 1.0;
				PRODUCT_BUNDLE_IDENTIFIER = com.spneshaei.CashFlow.watchkitapp.watchkitextension;
				PRODUCT_NAME = "${TARGET_NAME}";
				SDKROOT = watchos;
				SKIP_INSTALL = YES;
				SWIFT_EMIT_LOC_STRINGS = YES;
				SWIFT_VERSION = 5.0;
				TARGETED_DEVICE_FAMILY = 4;
				WATCHOS_DEPLOYMENT_TARGET = 8.5;
			};
			name = Debug;
		};
		C2848CA72834ED7B003036C0 /* Release */ = {
			isa = XCBuildConfiguration;
			buildSettings = {
				ASSETCATALOG_COMPILER_COMPLICATION_NAME = Complication;
				CODE_SIGN_ENTITLEMENTS = "CashFlow W WatchKit Extension/CashFlow W WatchKit Extension.entitlements";
				CODE_SIGN_STYLE = Automatic;
				CURRENT_PROJECT_VERSION = 1;
				DEVELOPMENT_ASSET_PATHS = "\"CashFlow W WatchKit Extension/Preview Content\"";
				DEVELOPMENT_TEAM = 44TVYQ8RAX;
				ENABLE_PREVIEWS = YES;
				GENERATE_INFOPLIST_FILE = YES;
				INFOPLIST_FILE = "CashFlow W WatchKit Extension/Info.plist";
				INFOPLIST_KEY_CFBundleDisplayName = "CashFlow W WatchKit Extension";
				INFOPLIST_KEY_CLKComplicationPrincipalClass = "$(PRODUCT_MODULE_NAME).ComplicationController";
				INFOPLIST_KEY_NSHumanReadableCopyright = "";
				LD_RUNPATH_SEARCH_PATHS = (
					"$(inherited)",
					"@executable_path/Frameworks",
					"@executable_path/../../Frameworks",
				);
				MARKETING_VERSION = 1.0;
				PRODUCT_BUNDLE_IDENTIFIER = com.spneshaei.CashFlow.watchkitapp.watchkitextension;
				PRODUCT_NAME = "${TARGET_NAME}";
				SDKROOT = watchos;
				SKIP_INSTALL = YES;
				SWIFT_EMIT_LOC_STRINGS = YES;
				SWIFT_VERSION = 5.0;
				TARGETED_DEVICE_FAMILY = 4;
				VALIDATE_PRODUCT = YES;
				WATCHOS_DEPLOYMENT_TARGET = 8.5;
			};
			name = Release;
		};
		C2848CA82834ED7B003036C0 /* Debug */ = {
			isa = XCBuildConfiguration;
			buildSettings = {
				ALWAYS_EMBED_SWIFT_STANDARD_LIBRARIES = YES;
				BUNDLE_LOADER = "$(TEST_HOST)";
				CODE_SIGN_STYLE = Automatic;
				CURRENT_PROJECT_VERSION = 1;
				DEVELOPMENT_TEAM = 44TVYQ8RAX;
				GENERATE_INFOPLIST_FILE = YES;
				MARKETING_VERSION = 1.0;
				PRODUCT_BUNDLE_IDENTIFIER = "com.spneshaei.CashFlow.CashFlow-WTests";
				PRODUCT_NAME = "$(TARGET_NAME)";
				SDKROOT = watchos;
				SWIFT_EMIT_LOC_STRINGS = NO;
				SWIFT_VERSION = 5.0;
				TARGETED_DEVICE_FAMILY = 4;
				TEST_HOST = "$(BUILT_PRODUCTS_DIR)/CashFlow W WatchKit Extension.appex/CashFlow W WatchKit Extension";
				WATCHOS_DEPLOYMENT_TARGET = 8.5;
			};
			name = Debug;
		};
		C2848CA92834ED7B003036C0 /* Release */ = {
			isa = XCBuildConfiguration;
			buildSettings = {
				ALWAYS_EMBED_SWIFT_STANDARD_LIBRARIES = YES;
				BUNDLE_LOADER = "$(TEST_HOST)";
				CODE_SIGN_STYLE = Automatic;
				CURRENT_PROJECT_VERSION = 1;
				DEVELOPMENT_TEAM = 44TVYQ8RAX;
				GENERATE_INFOPLIST_FILE = YES;
				MARKETING_VERSION = 1.0;
				PRODUCT_BUNDLE_IDENTIFIER = "com.spneshaei.CashFlow.CashFlow-WTests";
				PRODUCT_NAME = "$(TARGET_NAME)";
				SDKROOT = watchos;
				SWIFT_EMIT_LOC_STRINGS = NO;
				SWIFT_VERSION = 5.0;
				TARGETED_DEVICE_FAMILY = 4;
				TEST_HOST = "$(BUILT_PRODUCTS_DIR)/CashFlow W WatchKit Extension.appex/CashFlow W WatchKit Extension";
				VALIDATE_PRODUCT = YES;
				WATCHOS_DEPLOYMENT_TARGET = 8.5;
			};
			name = Release;
		};
		C2848CAA2834ED7B003036C0 /* Debug */ = {
			isa = XCBuildConfiguration;
			buildSettings = {
				CODE_SIGN_STYLE = Automatic;
				CURRENT_PROJECT_VERSION = 1;
				DEVELOPMENT_TEAM = 44TVYQ8RAX;
				GENERATE_INFOPLIST_FILE = YES;
				MARKETING_VERSION = 1.0;
				PRODUCT_BUNDLE_IDENTIFIER = "com.spneshaei.CashFlow.CashFlow-WUITests";
				PRODUCT_NAME = "$(TARGET_NAME)";
				SDKROOT = watchos;
				SWIFT_EMIT_LOC_STRINGS = NO;
				SWIFT_VERSION = 5.0;
				TARGETED_DEVICE_FAMILY = 4;
				TEST_TARGET_NAME = "CashFlow W";
				WATCHOS_DEPLOYMENT_TARGET = 8.5;
			};
			name = Debug;
		};
		C2848CAB2834ED7B003036C0 /* Release */ = {
			isa = XCBuildConfiguration;
			buildSettings = {
				CODE_SIGN_STYLE = Automatic;
				CURRENT_PROJECT_VERSION = 1;
				DEVELOPMENT_TEAM = 44TVYQ8RAX;
				GENERATE_INFOPLIST_FILE = YES;
				MARKETING_VERSION = 1.0;
				PRODUCT_BUNDLE_IDENTIFIER = "com.spneshaei.CashFlow.CashFlow-WUITests";
				PRODUCT_NAME = "$(TARGET_NAME)";
				SDKROOT = watchos;
				SWIFT_EMIT_LOC_STRINGS = NO;
				SWIFT_VERSION = 5.0;
				TARGETED_DEVICE_FAMILY = 4;
				TEST_TARGET_NAME = "CashFlow W";
				VALIDATE_PRODUCT = YES;
				WATCHOS_DEPLOYMENT_TARGET = 8.5;
			};
			name = Release;
		};
		C2A7E02828337A7100474E4E /* Debug */ = {
			isa = XCBuildConfiguration;
			buildSettings = {
				ALWAYS_SEARCH_USER_PATHS = NO;
				CLANG_ANALYZER_NONNULL = YES;
				CLANG_ANALYZER_NUMBER_OBJECT_CONVERSION = YES_AGGRESSIVE;
				CLANG_CXX_LANGUAGE_STANDARD = "gnu++17";
				CLANG_ENABLE_MODULES = YES;
				CLANG_ENABLE_OBJC_ARC = YES;
				CLANG_ENABLE_OBJC_WEAK = YES;
				CLANG_WARN_BLOCK_CAPTURE_AUTORELEASING = YES;
				CLANG_WARN_BOOL_CONVERSION = YES;
				CLANG_WARN_COMMA = YES;
				CLANG_WARN_CONSTANT_CONVERSION = YES;
				CLANG_WARN_DEPRECATED_OBJC_IMPLEMENTATIONS = YES;
				CLANG_WARN_DIRECT_OBJC_ISA_USAGE = YES_ERROR;
				CLANG_WARN_DOCUMENTATION_COMMENTS = YES;
				CLANG_WARN_EMPTY_BODY = YES;
				CLANG_WARN_ENUM_CONVERSION = YES;
				CLANG_WARN_INFINITE_RECURSION = YES;
				CLANG_WARN_INT_CONVERSION = YES;
				CLANG_WARN_NON_LITERAL_NULL_CONVERSION = YES;
				CLANG_WARN_OBJC_IMPLICIT_RETAIN_SELF = YES;
				CLANG_WARN_OBJC_LITERAL_CONVERSION = YES;
				CLANG_WARN_OBJC_ROOT_CLASS = YES_ERROR;
				CLANG_WARN_QUOTED_INCLUDE_IN_FRAMEWORK_HEADER = YES;
				CLANG_WARN_RANGE_LOOP_ANALYSIS = YES;
				CLANG_WARN_STRICT_PROTOTYPES = YES;
				CLANG_WARN_SUSPICIOUS_MOVE = YES;
				CLANG_WARN_UNGUARDED_AVAILABILITY = YES_AGGRESSIVE;
				CLANG_WARN_UNREACHABLE_CODE = YES;
				CLANG_WARN__DUPLICATE_METHOD_MATCH = YES;
				COPY_PHASE_STRIP = NO;
				DEBUG_INFORMATION_FORMAT = dwarf;
				ENABLE_STRICT_OBJC_MSGSEND = YES;
				ENABLE_TESTABILITY = YES;
				GCC_C_LANGUAGE_STANDARD = gnu11;
				GCC_DYNAMIC_NO_PIC = NO;
				GCC_NO_COMMON_BLOCKS = YES;
				GCC_OPTIMIZATION_LEVEL = 0;
				GCC_PREPROCESSOR_DEFINITIONS = (
					"DEBUG=1",
					"$(inherited)",
				);
				GCC_WARN_64_TO_32_BIT_CONVERSION = YES;
				GCC_WARN_ABOUT_RETURN_TYPE = YES_ERROR;
				GCC_WARN_UNDECLARED_SELECTOR = YES;
				GCC_WARN_UNINITIALIZED_AUTOS = YES_AGGRESSIVE;
				GCC_WARN_UNUSED_FUNCTION = YES;
				GCC_WARN_UNUSED_VARIABLE = YES;
				MTL_ENABLE_DEBUG_INFO = INCLUDE_SOURCE;
				MTL_FAST_MATH = YES;
				ONLY_ACTIVE_ARCH = YES;
				SWIFT_ACTIVE_COMPILATION_CONDITIONS = DEBUG;
				SWIFT_OPTIMIZATION_LEVEL = "-Onone";
			};
			name = Debug;
		};
		C2A7E02928337A7100474E4E /* Release */ = {
			isa = XCBuildConfiguration;
			buildSettings = {
				ALWAYS_SEARCH_USER_PATHS = NO;
				CLANG_ANALYZER_NONNULL = YES;
				CLANG_ANALYZER_NUMBER_OBJECT_CONVERSION = YES_AGGRESSIVE;
				CLANG_CXX_LANGUAGE_STANDARD = "gnu++17";
				CLANG_ENABLE_MODULES = YES;
				CLANG_ENABLE_OBJC_ARC = YES;
				CLANG_ENABLE_OBJC_WEAK = YES;
				CLANG_WARN_BLOCK_CAPTURE_AUTORELEASING = YES;
				CLANG_WARN_BOOL_CONVERSION = YES;
				CLANG_WARN_COMMA = YES;
				CLANG_WARN_CONSTANT_CONVERSION = YES;
				CLANG_WARN_DEPRECATED_OBJC_IMPLEMENTATIONS = YES;
				CLANG_WARN_DIRECT_OBJC_ISA_USAGE = YES_ERROR;
				CLANG_WARN_DOCUMENTATION_COMMENTS = YES;
				CLANG_WARN_EMPTY_BODY = YES;
				CLANG_WARN_ENUM_CONVERSION = YES;
				CLANG_WARN_INFINITE_RECURSION = YES;
				CLANG_WARN_INT_CONVERSION = YES;
				CLANG_WARN_NON_LITERAL_NULL_CONVERSION = YES;
				CLANG_WARN_OBJC_IMPLICIT_RETAIN_SELF = YES;
				CLANG_WARN_OBJC_LITERAL_CONVERSION = YES;
				CLANG_WARN_OBJC_ROOT_CLASS = YES_ERROR;
				CLANG_WARN_QUOTED_INCLUDE_IN_FRAMEWORK_HEADER = YES;
				CLANG_WARN_RANGE_LOOP_ANALYSIS = YES;
				CLANG_WARN_STRICT_PROTOTYPES = YES;
				CLANG_WARN_SUSPICIOUS_MOVE = YES;
				CLANG_WARN_UNGUARDED_AVAILABILITY = YES_AGGRESSIVE;
				CLANG_WARN_UNREACHABLE_CODE = YES;
				CLANG_WARN__DUPLICATE_METHOD_MATCH = YES;
				COPY_PHASE_STRIP = NO;
				DEBUG_INFORMATION_FORMAT = "dwarf-with-dsym";
				ENABLE_NS_ASSERTIONS = NO;
				ENABLE_STRICT_OBJC_MSGSEND = YES;
				GCC_C_LANGUAGE_STANDARD = gnu11;
				GCC_NO_COMMON_BLOCKS = YES;
				GCC_WARN_64_TO_32_BIT_CONVERSION = YES;
				GCC_WARN_ABOUT_RETURN_TYPE = YES_ERROR;
				GCC_WARN_UNDECLARED_SELECTOR = YES;
				GCC_WARN_UNINITIALIZED_AUTOS = YES_AGGRESSIVE;
				GCC_WARN_UNUSED_FUNCTION = YES;
				GCC_WARN_UNUSED_VARIABLE = YES;
				MTL_ENABLE_DEBUG_INFO = NO;
				MTL_FAST_MATH = YES;
				SWIFT_COMPILATION_MODE = wholemodule;
				SWIFT_OPTIMIZATION_LEVEL = "-O";
			};
			name = Release;
		};
		C2A7E02B28337A7100474E4E /* Debug */ = {
			isa = XCBuildConfiguration;
			buildSettings = {
				ASSETCATALOG_COMPILER_APPICON_NAME = AppIcon;
				ASSETCATALOG_COMPILER_GLOBAL_ACCENT_COLOR_NAME = AccentColor;
				CODE_SIGN_ENTITLEMENTS = "CashFlow (iOS).entitlements";
				CODE_SIGN_STYLE = Automatic;
				CURRENT_PROJECT_VERSION = 1;
				DEVELOPMENT_TEAM = 44TVYQ8RAX;
				ENABLE_PREVIEWS = YES;
				GENERATE_INFOPLIST_FILE = YES;
				INFOPLIST_KEY_UIApplicationSceneManifest_Generation = YES;
				INFOPLIST_KEY_UIApplicationSupportsIndirectInputEvents = YES;
				INFOPLIST_KEY_UILaunchScreen_Generation = YES;
				INFOPLIST_KEY_UISupportedInterfaceOrientations_iPad = "UIInterfaceOrientationPortrait UIInterfaceOrientationPortraitUpsideDown UIInterfaceOrientationLandscapeLeft UIInterfaceOrientationLandscapeRight";
				INFOPLIST_KEY_UISupportedInterfaceOrientations_iPhone = "UIInterfaceOrientationPortrait UIInterfaceOrientationLandscapeLeft UIInterfaceOrientationLandscapeRight";
				IPHONEOS_DEPLOYMENT_TARGET = 15.4;
				LD_RUNPATH_SEARCH_PATHS = (
					"$(inherited)",
					"@executable_path/Frameworks",
				);
				MARKETING_VERSION = 1.0;
				PRODUCT_BUNDLE_IDENTIFIER = com.spneshaei.CashFlow;
				PRODUCT_NAME = CashFlow;
				SDKROOT = iphoneos;
				SWIFT_EMIT_LOC_STRINGS = YES;
				SWIFT_VERSION = 5.0;
				TARGETED_DEVICE_FAMILY = "1,2";
			};
			name = Debug;
		};
		C2A7E02C28337A7100474E4E /* Release */ = {
			isa = XCBuildConfiguration;
			buildSettings = {
				ASSETCATALOG_COMPILER_APPICON_NAME = AppIcon;
				ASSETCATALOG_COMPILER_GLOBAL_ACCENT_COLOR_NAME = AccentColor;
				CODE_SIGN_ENTITLEMENTS = "CashFlow (iOS).entitlements";
				CODE_SIGN_STYLE = Automatic;
				CURRENT_PROJECT_VERSION = 1;
				DEVELOPMENT_TEAM = 44TVYQ8RAX;
				ENABLE_PREVIEWS = YES;
				GENERATE_INFOPLIST_FILE = YES;
				INFOPLIST_KEY_UIApplicationSceneManifest_Generation = YES;
				INFOPLIST_KEY_UIApplicationSupportsIndirectInputEvents = YES;
				INFOPLIST_KEY_UILaunchScreen_Generation = YES;
				INFOPLIST_KEY_UISupportedInterfaceOrientations_iPad = "UIInterfaceOrientationPortrait UIInterfaceOrientationPortraitUpsideDown UIInterfaceOrientationLandscapeLeft UIInterfaceOrientationLandscapeRight";
				INFOPLIST_KEY_UISupportedInterfaceOrientations_iPhone = "UIInterfaceOrientationPortrait UIInterfaceOrientationLandscapeLeft UIInterfaceOrientationLandscapeRight";
				IPHONEOS_DEPLOYMENT_TARGET = 15.4;
				LD_RUNPATH_SEARCH_PATHS = (
					"$(inherited)",
					"@executable_path/Frameworks",
				);
				MARKETING_VERSION = 1.0;
				PRODUCT_BUNDLE_IDENTIFIER = com.spneshaei.CashFlow;
				PRODUCT_NAME = CashFlow;
				SDKROOT = iphoneos;
				SWIFT_EMIT_LOC_STRINGS = YES;
				SWIFT_VERSION = 5.0;
				TARGETED_DEVICE_FAMILY = "1,2";
				VALIDATE_PRODUCT = YES;
			};
			name = Release;
		};
		C2A7E02E28337A7100474E4E /* Debug */ = {
			isa = XCBuildConfiguration;
			buildSettings = {
				ASSETCATALOG_COMPILER_APPICON_NAME = AppIcon;
				ASSETCATALOG_COMPILER_GLOBAL_ACCENT_COLOR_NAME = AccentColor;
				CODE_SIGN_ENTITLEMENTS = macOS/macOS.entitlements;
				CODE_SIGN_STYLE = Automatic;
				COMBINE_HIDPI_IMAGES = YES;
				CURRENT_PROJECT_VERSION = 1;
				DEVELOPMENT_TEAM = 44TVYQ8RAX;
				ENABLE_HARDENED_RUNTIME = YES;
				ENABLE_PREVIEWS = YES;
				GENERATE_INFOPLIST_FILE = YES;
				INFOPLIST_KEY_NSHumanReadableCopyright = "";
				LD_RUNPATH_SEARCH_PATHS = (
					"$(inherited)",
					"@executable_path/../Frameworks",
				);
				MACOSX_DEPLOYMENT_TARGET = 12.3;
				MARKETING_VERSION = 1.0;
				PRODUCT_BUNDLE_IDENTIFIER = com.spneshaei.CashFlow;
				PRODUCT_NAME = CashFlow;
				SDKROOT = macosx;
				SWIFT_EMIT_LOC_STRINGS = YES;
				SWIFT_VERSION = 5.0;
			};
			name = Debug;
		};
		C2A7E02F28337A7100474E4E /* Release */ = {
			isa = XCBuildConfiguration;
			buildSettings = {
				ASSETCATALOG_COMPILER_APPICON_NAME = AppIcon;
				ASSETCATALOG_COMPILER_GLOBAL_ACCENT_COLOR_NAME = AccentColor;
				CODE_SIGN_ENTITLEMENTS = macOS/macOS.entitlements;
				CODE_SIGN_STYLE = Automatic;
				COMBINE_HIDPI_IMAGES = YES;
				CURRENT_PROJECT_VERSION = 1;
				DEVELOPMENT_TEAM = 44TVYQ8RAX;
				ENABLE_HARDENED_RUNTIME = YES;
				ENABLE_PREVIEWS = YES;
				GENERATE_INFOPLIST_FILE = YES;
				INFOPLIST_KEY_NSHumanReadableCopyright = "";
				LD_RUNPATH_SEARCH_PATHS = (
					"$(inherited)",
					"@executable_path/../Frameworks",
				);
				MACOSX_DEPLOYMENT_TARGET = 12.3;
				MARKETING_VERSION = 1.0;
				PRODUCT_BUNDLE_IDENTIFIER = com.spneshaei.CashFlow;
				PRODUCT_NAME = CashFlow;
				SDKROOT = macosx;
				SWIFT_EMIT_LOC_STRINGS = YES;
				SWIFT_VERSION = 5.0;
			};
			name = Release;
		};
		C2A7E03128337A7100474E4E /* Debug */ = {
			isa = XCBuildConfiguration;
			buildSettings = {
				ALWAYS_EMBED_SWIFT_STANDARD_LIBRARIES = YES;
				CODE_SIGN_STYLE = Automatic;
				CURRENT_PROJECT_VERSION = 1;
				DEVELOPMENT_TEAM = 44TVYQ8RAX;
				GENERATE_INFOPLIST_FILE = YES;
				IPHONEOS_DEPLOYMENT_TARGET = 15.4;
				MARKETING_VERSION = 1.0;
				PRODUCT_BUNDLE_IDENTIFIER = "com.spneshaei.Tests-iOS";
				PRODUCT_NAME = "$(TARGET_NAME)";
				SDKROOT = iphoneos;
				SWIFT_EMIT_LOC_STRINGS = NO;
				SWIFT_VERSION = 5.0;
				TARGETED_DEVICE_FAMILY = "1,2";
				TEST_TARGET_NAME = "CashFlow (iOS)";
			};
			name = Debug;
		};
		C2A7E03228337A7100474E4E /* Release */ = {
			isa = XCBuildConfiguration;
			buildSettings = {
				ALWAYS_EMBED_SWIFT_STANDARD_LIBRARIES = YES;
				CODE_SIGN_STYLE = Automatic;
				CURRENT_PROJECT_VERSION = 1;
				DEVELOPMENT_TEAM = 44TVYQ8RAX;
				GENERATE_INFOPLIST_FILE = YES;
				IPHONEOS_DEPLOYMENT_TARGET = 15.4;
				MARKETING_VERSION = 1.0;
				PRODUCT_BUNDLE_IDENTIFIER = "com.spneshaei.Tests-iOS";
				PRODUCT_NAME = "$(TARGET_NAME)";
				SDKROOT = iphoneos;
				SWIFT_EMIT_LOC_STRINGS = NO;
				SWIFT_VERSION = 5.0;
				TARGETED_DEVICE_FAMILY = "1,2";
				TEST_TARGET_NAME = "CashFlow (iOS)";
				VALIDATE_PRODUCT = YES;
			};
			name = Release;
		};
		C2A7E03428337A7100474E4E /* Debug */ = {
			isa = XCBuildConfiguration;
			buildSettings = {
				ALWAYS_EMBED_SWIFT_STANDARD_LIBRARIES = YES;
				CODE_SIGN_STYLE = Automatic;
				CURRENT_PROJECT_VERSION = 1;
				DEVELOPMENT_TEAM = 44TVYQ8RAX;
				GENERATE_INFOPLIST_FILE = YES;
				MACOSX_DEPLOYMENT_TARGET = 12.3;
				MARKETING_VERSION = 1.0;
				PRODUCT_BUNDLE_IDENTIFIER = "com.spneshaei.Tests-macOS";
				PRODUCT_NAME = "$(TARGET_NAME)";
				SDKROOT = macosx;
				SWIFT_EMIT_LOC_STRINGS = NO;
				SWIFT_VERSION = 5.0;
				TEST_TARGET_NAME = "CashFlow (macOS)";
			};
			name = Debug;
		};
		C2A7E03528337A7100474E4E /* Release */ = {
			isa = XCBuildConfiguration;
			buildSettings = {
				ALWAYS_EMBED_SWIFT_STANDARD_LIBRARIES = YES;
				CODE_SIGN_STYLE = Automatic;
				CURRENT_PROJECT_VERSION = 1;
				DEVELOPMENT_TEAM = 44TVYQ8RAX;
				GENERATE_INFOPLIST_FILE = YES;
				MACOSX_DEPLOYMENT_TARGET = 12.3;
				MARKETING_VERSION = 1.0;
				PRODUCT_BUNDLE_IDENTIFIER = "com.spneshaei.Tests-macOS";
				PRODUCT_NAME = "$(TARGET_NAME)";
				SDKROOT = macosx;
				SWIFT_EMIT_LOC_STRINGS = NO;
				SWIFT_VERSION = 5.0;
				TEST_TARGET_NAME = "CashFlow (macOS)";
			};
			name = Release;
		};
/* End XCBuildConfiguration section */

/* Begin XCConfigurationList section */
		C2848CAC2834ED7B003036C0 /* Build configuration list for PBXNativeTarget "CashFlow W WatchKit Extension" */ = {
			isa = XCConfigurationList;
			buildConfigurations = (
				C2848CA62834ED7B003036C0 /* Debug */,
				C2848CA72834ED7B003036C0 /* Release */,
			);
			defaultConfigurationIsVisible = 0;
			defaultConfigurationName = Release;
		};
		C2848CAD2834ED7B003036C0 /* Build configuration list for PBXNativeTarget "CashFlow W" */ = {
			isa = XCConfigurationList;
			buildConfigurations = (
				C2848CA32834ED7B003036C0 /* Debug */,
				C2848CA42834ED7B003036C0 /* Release */,
			);
			defaultConfigurationIsVisible = 0;
			defaultConfigurationName = Release;
		};
		C2848CAE2834ED7B003036C0 /* Build configuration list for PBXNativeTarget "CashFlow WTests" */ = {
			isa = XCConfigurationList;
			buildConfigurations = (
				C2848CA82834ED7B003036C0 /* Debug */,
				C2848CA92834ED7B003036C0 /* Release */,
			);
			defaultConfigurationIsVisible = 0;
			defaultConfigurationName = Release;
		};
		C2848CAF2834ED7B003036C0 /* Build configuration list for PBXNativeTarget "CashFlow WUITests" */ = {
			isa = XCConfigurationList;
			buildConfigurations = (
				C2848CAA2834ED7B003036C0 /* Debug */,
				C2848CAB2834ED7B003036C0 /* Release */,
			);
			defaultConfigurationIsVisible = 0;
			defaultConfigurationName = Release;
		};
		C2A7DFF128337A7000474E4E /* Build configuration list for PBXProject "CashFlow" */ = {
			isa = XCConfigurationList;
			buildConfigurations = (
				C2A7E02828337A7100474E4E /* Debug */,
				C2A7E02928337A7100474E4E /* Release */,
			);
			defaultConfigurationIsVisible = 0;
			defaultConfigurationName = Release;
		};
		C2A7E02A28337A7100474E4E /* Build configuration list for PBXNativeTarget "CashFlow (iOS)" */ = {
			isa = XCConfigurationList;
			buildConfigurations = (
				C2A7E02B28337A7100474E4E /* Debug */,
				C2A7E02C28337A7100474E4E /* Release */,
			);
			defaultConfigurationIsVisible = 0;
			defaultConfigurationName = Release;
		};
		C2A7E02D28337A7100474E4E /* Build configuration list for PBXNativeTarget "CashFlow (macOS)" */ = {
			isa = XCConfigurationList;
			buildConfigurations = (
				C2A7E02E28337A7100474E4E /* Debug */,
				C2A7E02F28337A7100474E4E /* Release */,
			);
			defaultConfigurationIsVisible = 0;
			defaultConfigurationName = Release;
		};
		C2A7E03028337A7100474E4E /* Build configuration list for PBXNativeTarget "Tests iOS" */ = {
			isa = XCConfigurationList;
			buildConfigurations = (
				C2A7E03128337A7100474E4E /* Debug */,
				C2A7E03228337A7100474E4E /* Release */,
			);
			defaultConfigurationIsVisible = 0;
			defaultConfigurationName = Release;
		};
		C2A7E03328337A7100474E4E /* Build configuration list for PBXNativeTarget "Tests macOS" */ = {
			isa = XCConfigurationList;
			buildConfigurations = (
				C2A7E03428337A7100474E4E /* Debug */,
				C2A7E03528337A7100474E4E /* Release */,
			);
			defaultConfigurationIsVisible = 0;
			defaultConfigurationName = Release;
		};
/* End XCConfigurationList section */

/* Begin XCVersionGroup section */
		C2A7DFF328337A7000474E4E /* CashFlow.xcdatamodeld */ = {
			isa = XCVersionGroup;
			children = (
				C2A7DFF428337A7000474E4E /* Shared.xcdatamodel */,
			);
			currentVersion = C2A7DFF428337A7000474E4E /* Shared.xcdatamodel */;
			path = CashFlow.xcdatamodeld;
			sourceTree = "<group>";
			versionGroupType = wrapper.xcdatamodel;
		};
/* End XCVersionGroup section */
	};
	rootObject = C2A7DFEE28337A7000474E4E /* Project object */;
}
